// !$*UTF8*$!
{
	archiveVersion = 1;
	classes = {
	};
	objectVersion = 50;
	objects = {

/* Begin PBXBuildFile section */
		84E5E0BB22003CD400759245 /* AppDelegate.swift in Sources */ = {isa = PBXBuildFile; fileRef = 84E5E0BA22003CD400759245 /* AppDelegate.swift */; };
		84E5E0BD22003CD400759245 /* ViewController.swift in Sources */ = {isa = PBXBuildFile; fileRef = 84E5E0BC22003CD400759245 /* ViewController.swift */; };
		84E5E0C022003CD400759245 /* Main.storyboard in Resources */ = {isa = PBXBuildFile; fileRef = 84E5E0BE22003CD400759245 /* Main.storyboard */; };
		84E5E0C222003CD400759245 /* Assets.xcassets in Resources */ = {isa = PBXBuildFile; fileRef = 84E5E0C122003CD400759245 /* Assets.xcassets */; };
		84E5E0C522003CD400759245 /* LaunchScreen.storyboard in Resources */ = {isa = PBXBuildFile; fileRef = 84E5E0C322003CD400759245 /* LaunchScreen.storyboard */; };
		84E5E0D022003CD400759245 /* FlixTests.swift in Sources */ = {isa = PBXBuildFile; fileRef = 84E5E0CF22003CD400759245 /* FlixTests.swift */; };
		84E5E0DB22003CD400759245 /* FlixUITests.swift in Sources */ = {isa = PBXBuildFile; fileRef = 84E5E0DA22003CD400759245 /* FlixUITests.swift */; };
		84E5E0E922003D9B00759245 /* MoviesViewController.swift in Sources */ = {isa = PBXBuildFile; fileRef = 84E5E0E822003D9B00759245 /* MoviesViewController.swift */; };
		84E5E0EB2200446800759245 /* MovieCell.swift in Sources */ = {isa = PBXBuildFile; fileRef = 84E5E0EA2200446800759245 /* MovieCell.swift */; };
		B6DDFABA2DDC842439B4E2F6 /* Pods_FlixUITests.framework in Frameworks */ = {isa = PBXBuildFile; fileRef = D5963634636528791E5608A4 /* Pods_FlixUITests.framework */; };
		CD3BDA692C5C5216C8EC7C41 /* Pods_Flix.framework in Frameworks */ = {isa = PBXBuildFile; fileRef = CA76441B115833E4B6B56917 /* Pods_Flix.framework */; };
		E2605F29C279314C866EEFB6 /* Pods_FlixTests.framework in Frameworks */ = {isa = PBXBuildFile; fileRef = 7C29174B51DBAF60AB993981 /* Pods_FlixTests.framework */; };
/* End PBXBuildFile section */

/* Begin PBXContainerItemProxy section */
		84E5E0CC22003CD400759245 /* PBXContainerItemProxy */ = {
			isa = PBXContainerItemProxy;
			containerPortal = 84E5E0AF22003CD400759245 /* Project object */;
			proxyType = 1;
			remoteGlobalIDString = 84E5E0B622003CD400759245;
			remoteInfo = Flix;
		};
		84E5E0D722003CD400759245 /* PBXContainerItemProxy */ = {
			isa = PBXContainerItemProxy;
			containerPortal = 84E5E0AF22003CD400759245 /* Project object */;
			proxyType = 1;
			remoteGlobalIDString = 84E5E0B622003CD400759245;
			remoteInfo = Flix;
		};
/* End PBXContainerItemProxy section */

/* Begin PBXFileReference section */
		0F214D5D8E5DBBDACD5E6EDC /* Pods-FlixUITests.release.xcconfig */ = {isa = PBXFileReference; includeInIndex = 1; lastKnownFileType = text.xcconfig; name = "Pods-FlixUITests.release.xcconfig"; path = "Pods/Target Support Files/Pods-FlixUITests/Pods-FlixUITests.release.xcconfig"; sourceTree = "<group>"; };
		69D893EDEADA37F89E817B7D /* Pods-FlixTests.release.xcconfig */ = {isa = PBXFileReference; includeInIndex = 1; lastKnownFileType = text.xcconfig; name = "Pods-FlixTests.release.xcconfig"; path = "Pods/Target Support Files/Pods-FlixTests/Pods-FlixTests.release.xcconfig"; sourceTree = "<group>"; };
		7C29174B51DBAF60AB993981 /* Pods_FlixTests.framework */ = {isa = PBXFileReference; explicitFileType = wrapper.framework; includeInIndex = 0; path = Pods_FlixTests.framework; sourceTree = BUILT_PRODUCTS_DIR; };
		84E5E0B722003CD400759245 /* Flix.app */ = {isa = PBXFileReference; explicitFileType = wrapper.application; includeInIndex = 0; path = Flix.app; sourceTree = BUILT_PRODUCTS_DIR; };
		84E5E0BA22003CD400759245 /* AppDelegate.swift */ = {isa = PBXFileReference; lastKnownFileType = sourcecode.swift; path = AppDelegate.swift; sourceTree = "<group>"; };
		84E5E0BC22003CD400759245 /* ViewController.swift */ = {isa = PBXFileReference; lastKnownFileType = sourcecode.swift; path = ViewController.swift; sourceTree = "<group>"; };
		84E5E0BF22003CD400759245 /* Base */ = {isa = PBXFileReference; lastKnownFileType = file.storyboard; name = Base; path = Base.lproj/Main.storyboard; sourceTree = "<group>"; };
		84E5E0C122003CD400759245 /* Assets.xcassets */ = {isa = PBXFileReference; lastKnownFileType = folder.assetcatalog; path = Assets.xcassets; sourceTree = "<group>"; };
		84E5E0C422003CD400759245 /* Base */ = {isa = PBXFileReference; lastKnownFileType = file.storyboard; name = Base; path = Base.lproj/LaunchScreen.storyboard; sourceTree = "<group>"; };
		84E5E0C622003CD400759245 /* Info.plist */ = {isa = PBXFileReference; lastKnownFileType = text.plist.xml; path = Info.plist; sourceTree = "<group>"; };
		84E5E0CB22003CD400759245 /* FlixTests.xctest */ = {isa = PBXFileReference; explicitFileType = wrapper.cfbundle; includeInIndex = 0; path = FlixTests.xctest; sourceTree = BUILT_PRODUCTS_DIR; };
		84E5E0CF22003CD400759245 /* FlixTests.swift */ = {isa = PBXFileReference; lastKnownFileType = sourcecode.swift; path = FlixTests.swift; sourceTree = "<group>"; };
		84E5E0D122003CD400759245 /* Info.plist */ = {isa = PBXFileReference; lastKnownFileType = text.plist.xml; path = Info.plist; sourceTree = "<group>"; };
		84E5E0D622003CD400759245 /* FlixUITests.xctest */ = {isa = PBXFileReference; explicitFileType = wrapper.cfbundle; includeInIndex = 0; path = FlixUITests.xctest; sourceTree = BUILT_PRODUCTS_DIR; };
		84E5E0DA22003CD400759245 /* FlixUITests.swift */ = {isa = PBXFileReference; lastKnownFileType = sourcecode.swift; path = FlixUITests.swift; sourceTree = "<group>"; };
		84E5E0DC22003CD400759245 /* Info.plist */ = {isa = PBXFileReference; lastKnownFileType = text.plist.xml; path = Info.plist; sourceTree = "<group>"; };
		84E5E0E822003D9B00759245 /* MoviesViewController.swift */ = {isa = PBXFileReference; lastKnownFileType = sourcecode.swift; path = MoviesViewController.swift; sourceTree = "<group>"; };
		84E5E0EA2200446800759245 /* MovieCell.swift */ = {isa = PBXFileReference; lastKnownFileType = sourcecode.swift; path = MovieCell.swift; sourceTree = "<group>"; };
		8B0EE5B3D2DFFD49F3292E7B /* Pods-Flix.debug.xcconfig */ = {isa = PBXFileReference; includeInIndex = 1; lastKnownFileType = text.xcconfig; name = "Pods-Flix.debug.xcconfig"; path = "Pods/Target Support Files/Pods-Flix/Pods-Flix.debug.xcconfig"; sourceTree = "<group>"; };
		BDDD9D305BED204B063EB4F1 /* Pods-Flix.release.xcconfig */ = {isa = PBXFileReference; includeInIndex = 1; lastKnownFileType = text.xcconfig; name = "Pods-Flix.release.xcconfig"; path = "Pods/Target Support Files/Pods-Flix/Pods-Flix.release.xcconfig"; sourceTree = "<group>"; };
		CA76441B115833E4B6B56917 /* Pods_Flix.framework */ = {isa = PBXFileReference; explicitFileType = wrapper.framework; includeInIndex = 0; path = Pods_Flix.framework; sourceTree = BUILT_PRODUCTS_DIR; };
		D5963634636528791E5608A4 /* Pods_FlixUITests.framework */ = {isa = PBXFileReference; explicitFileType = wrapper.framework; includeInIndex = 0; path = Pods_FlixUITests.framework; sourceTree = BUILT_PRODUCTS_DIR; };
		F423AF8B58B8C3816CE39201 /* Pods-FlixTests.debug.xcconfig */ = {isa = PBXFileReference; includeInIndex = 1; lastKnownFileType = text.xcconfig; name = "Pods-FlixTests.debug.xcconfig"; path = "Pods/Target Support Files/Pods-FlixTests/Pods-FlixTests.debug.xcconfig"; sourceTree = "<group>"; };
		FF6D6D0E188A4BC7EA539633 /* Pods-FlixUITests.debug.xcconfig */ = {isa = PBXFileReference; includeInIndex = 1; lastKnownFileType = text.xcconfig; name = "Pods-FlixUITests.debug.xcconfig"; path = "Pods/Target Support Files/Pods-FlixUITests/Pods-FlixUITests.debug.xcconfig"; sourceTree = "<group>"; };
/* End PBXFileReference section */

/* Begin PBXFrameworksBuildPhase section */
		84E5E0B422003CD400759245 /* Frameworks */ = {
			isa = PBXFrameworksBuildPhase;
			buildActionMask = 2147483647;
			files = (
				CD3BDA692C5C5216C8EC7C41 /* Pods_Flix.framework in Frameworks */,
			);
			runOnlyForDeploymentPostprocessing = 0;
		};
		84E5E0C822003CD400759245 /* Frameworks */ = {
			isa = PBXFrameworksBuildPhase;
			buildActionMask = 2147483647;
			files = (
				E2605F29C279314C866EEFB6 /* Pods_FlixTests.framework in Frameworks */,
			);
			runOnlyForDeploymentPostprocessing = 0;
		};
		84E5E0D322003CD400759245 /* Frameworks */ = {
			isa = PBXFrameworksBuildPhase;
			buildActionMask = 2147483647;
			files = (
				B6DDFABA2DDC842439B4E2F6 /* Pods_FlixUITests.framework in Frameworks */,
			);
			runOnlyForDeploymentPostprocessing = 0;
		};
/* End PBXFrameworksBuildPhase section */

/* Begin PBXGroup section */
		84E5E0AE22003CD400759245 = {
			isa = PBXGroup;
			children = (
				84E5E0B922003CD400759245 /* Flix */,
				84E5E0CE22003CD400759245 /* FlixTests */,
				84E5E0D922003CD400759245 /* FlixUITests */,
				84E5E0B822003CD400759245 /* Products */,
				CCD680626811F4E07BBAA30F /* Pods */,
				D2CA950B82FB9C179AF7CFB3 /* Frameworks */,
			);
			sourceTree = "<group>";
		};
		84E5E0B822003CD400759245 /* Products */ = {
			isa = PBXGroup;
			children = (
				84E5E0B722003CD400759245 /* Flix.app */,
				84E5E0CB22003CD400759245 /* FlixTests.xctest */,
				84E5E0D622003CD400759245 /* FlixUITests.xctest */,
			);
			name = Products;
			sourceTree = "<group>";
		};
		84E5E0B922003CD400759245 /* Flix */ = {
			isa = PBXGroup;
			children = (
				84E5E0BA22003CD400759245 /* AppDelegate.swift */,
				84E5E0BC22003CD400759245 /* ViewController.swift */,
				84E5E0BE22003CD400759245 /* Main.storyboard */,
				84E5E0EA2200446800759245 /* MovieCell.swift */,
				84E5E0C122003CD400759245 /* Assets.xcassets */,
				84E5E0C322003CD400759245 /* LaunchScreen.storyboard */,
				84E5E0C622003CD400759245 /* Info.plist */,
				84E5E0E822003D9B00759245 /* MoviesViewController.swift */,
			);
			path = Flix;
			sourceTree = "<group>";
		};
		84E5E0CE22003CD400759245 /* FlixTests */ = {
			isa = PBXGroup;
			children = (
				84E5E0CF22003CD400759245 /* FlixTests.swift */,
				84E5E0D122003CD400759245 /* Info.plist */,
			);
			path = FlixTests;
			sourceTree = "<group>";
		};
		84E5E0D922003CD400759245 /* FlixUITests */ = {
			isa = PBXGroup;
			children = (
				84E5E0DA22003CD400759245 /* FlixUITests.swift */,
				84E5E0DC22003CD400759245 /* Info.plist */,
			);
			path = FlixUITests;
			sourceTree = "<group>";
		};
		CCD680626811F4E07BBAA30F /* Pods */ = {
			isa = PBXGroup;
			children = (
				8B0EE5B3D2DFFD49F3292E7B /* Pods-Flix.debug.xcconfig */,
				BDDD9D305BED204B063EB4F1 /* Pods-Flix.release.xcconfig */,
				F423AF8B58B8C3816CE39201 /* Pods-FlixTests.debug.xcconfig */,
				69D893EDEADA37F89E817B7D /* Pods-FlixTests.release.xcconfig */,
				FF6D6D0E188A4BC7EA539633 /* Pods-FlixUITests.debug.xcconfig */,
				0F214D5D8E5DBBDACD5E6EDC /* Pods-FlixUITests.release.xcconfig */,
			);
			name = Pods;
			sourceTree = "<group>";
		};
		D2CA950B82FB9C179AF7CFB3 /* Frameworks */ = {
			isa = PBXGroup;
			children = (
				CA76441B115833E4B6B56917 /* Pods_Flix.framework */,
				7C29174B51DBAF60AB993981 /* Pods_FlixTests.framework */,
				D5963634636528791E5608A4 /* Pods_FlixUITests.framework */,
			);
			name = Frameworks;
			sourceTree = "<group>";
		};
/* End PBXGroup section */

/* Begin PBXNativeTarget section */
		84E5E0B622003CD400759245 /* Flix */ = {
			isa = PBXNativeTarget;
			buildConfigurationList = 84E5E0DF22003CD400759245 /* Build configuration list for PBXNativeTarget "Flix" */;
			buildPhases = (
				84A03F4BB90D70AEA3BF20E5 /* [CP] Check Pods Manifest.lock */,
				84E5E0B322003CD400759245 /* Sources */,
				84E5E0B422003CD400759245 /* Frameworks */,
				84E5E0B522003CD400759245 /* Resources */,
				1D3928582D349EF9B7A7BA5F /* [CP] Embed Pods Frameworks */,
			);
			buildRules = (
			);
			dependencies = (
			);
			name = Flix;
			productName = Flix;
			productReference = 84E5E0B722003CD400759245 /* Flix.app */;
			productType = "com.apple.product-type.application";
		};
		84E5E0CA22003CD400759245 /* FlixTests */ = {
			isa = PBXNativeTarget;
			buildConfigurationList = 84E5E0E222003CD400759245 /* Build configuration list for PBXNativeTarget "FlixTests" */;
			buildPhases = (
				9B69BAD35DFE569D3D9A73D4 /* [CP] Check Pods Manifest.lock */,
				84E5E0C722003CD400759245 /* Sources */,
				84E5E0C822003CD400759245 /* Frameworks */,
				84E5E0C922003CD400759245 /* Resources */,
			);
			buildRules = (
			);
			dependencies = (
				84E5E0CD22003CD400759245 /* PBXTargetDependency */,
			);
			name = FlixTests;
			productName = FlixTests;
			productReference = 84E5E0CB22003CD400759245 /* FlixTests.xctest */;
			productType = "com.apple.product-type.bundle.unit-test";
		};
		84E5E0D522003CD400759245 /* FlixUITests */ = {
			isa = PBXNativeTarget;
			buildConfigurationList = 84E5E0E522003CD400759245 /* Build configuration list for PBXNativeTarget "FlixUITests" */;
			buildPhases = (
				7CD6AA556816518FEA596D22 /* [CP] Check Pods Manifest.lock */,
				84E5E0D222003CD400759245 /* Sources */,
				84E5E0D322003CD400759245 /* Frameworks */,
				84E5E0D422003CD400759245 /* Resources */,
			);
			buildRules = (
			);
			dependencies = (
				84E5E0D822003CD400759245 /* PBXTargetDependency */,
			);
			name = FlixUITests;
			productName = FlixUITests;
			productReference = 84E5E0D622003CD400759245 /* FlixUITests.xctest */;
			productType = "com.apple.product-type.bundle.ui-testing";
		};
/* End PBXNativeTarget section */

/* Begin PBXProject section */
		84E5E0AF22003CD400759245 /* Project object */ = {
			isa = PBXProject;
			attributes = {
				LastSwiftUpdateCheck = 1010;
				LastUpgradeCheck = 1010;
				ORGANIZATIONNAME = "Nigina Pulatova";
				TargetAttributes = {
					84E5E0B622003CD400759245 = {
						CreatedOnToolsVersion = 10.1;
					};
					84E5E0CA22003CD400759245 = {
						CreatedOnToolsVersion = 10.1;
						TestTargetID = 84E5E0B622003CD400759245;
					};
					84E5E0D522003CD400759245 = {
						CreatedOnToolsVersion = 10.1;
						TestTargetID = 84E5E0B622003CD400759245;
					};
				};
			};
			buildConfigurationList = 84E5E0B222003CD400759245 /* Build configuration list for PBXProject "Flix" */;
			compatibilityVersion = "Xcode 9.3";
			developmentRegion = en;
			hasScannedForEncodings = 0;
			knownRegions = (
				en,
				Base,
			);
			mainGroup = 84E5E0AE22003CD400759245;
			productRefGroup = 84E5E0B822003CD400759245 /* Products */;
			projectDirPath = "";
			projectRoot = "";
			targets = (
				84E5E0B622003CD400759245 /* Flix */,
				84E5E0CA22003CD400759245 /* FlixTests */,
				84E5E0D522003CD400759245 /* FlixUITests */,
			);
		};
/* End PBXProject section */

/* Begin PBXResourcesBuildPhase section */
		84E5E0B522003CD400759245 /* Resources */ = {
			isa = PBXResourcesBuildPhase;
			buildActionMask = 2147483647;
			files = (
				84E5E0C522003CD400759245 /* LaunchScreen.storyboard in Resources */,
				84E5E0C222003CD400759245 /* Assets.xcassets in Resources */,
				84E5E0C022003CD400759245 /* Main.storyboard in Resources */,
			);
			runOnlyForDeploymentPostprocessing = 0;
		};
		84E5E0C922003CD400759245 /* Resources */ = {
			isa = PBXResourcesBuildPhase;
			buildActionMask = 2147483647;
			files = (
			);
			runOnlyForDeploymentPostprocessing = 0;
		};
		84E5E0D422003CD400759245 /* Resources */ = {
			isa = PBXResourcesBuildPhase;
			buildActionMask = 2147483647;
			files = (
			);
			runOnlyForDeploymentPostprocessing = 0;
		};
/* End PBXResourcesBuildPhase section */

/* Begin PBXShellScriptBuildPhase section */
		1D3928582D349EF9B7A7BA5F /* [CP] Embed Pods Frameworks */ = {
			isa = PBXShellScriptBuildPhase;
			buildActionMask = 2147483647;
			files = (
			);
			inputFileListPaths = (
			);
			inputPaths = (
				"${SRCROOT}/Pods/Target Support Files/Pods-Flix/Pods-Flix-frameworks.sh",
				"${BUILT_PRODUCTS_DIR}/Alamofire/Alamofire.framework",
				"${BUILT_PRODUCTS_DIR}/AlamofireImage/AlamofireImage.framework",
			);
			name = "[CP] Embed Pods Frameworks";
			outputFileListPaths = (
			);
			outputPaths = (
				"${TARGET_BUILD_DIR}/${FRAMEWORKS_FOLDER_PATH}/Alamofire.framework",
				"${TARGET_BUILD_DIR}/${FRAMEWORKS_FOLDER_PATH}/AlamofireImage.framework",
			);
			runOnlyForDeploymentPostprocessing = 0;
			shellPath = /bin/sh;
			shellScript = "\"${SRCROOT}/Pods/Target Support Files/Pods-Flix/Pods-Flix-frameworks.sh\"\n";
			showEnvVarsInLog = 0;
		};
		7CD6AA556816518FEA596D22 /* [CP] Check Pods Manifest.lock */ = {
			isa = PBXShellScriptBuildPhase;
			buildActionMask = 2147483647;
			files = (
			);
			inputFileListPaths = (
			);
			inputPaths = (
				"${PODS_PODFILE_DIR_PATH}/Podfile.lock",
				"${PODS_ROOT}/Manifest.lock",
			);
			name = "[CP] Check Pods Manifest.lock";
			outputFileListPaths = (
			);
			outputPaths = (
				"$(DERIVED_FILE_DIR)/Pods-FlixUITests-checkManifestLockResult.txt",
			);
			runOnlyForDeploymentPostprocessing = 0;
			shellPath = /bin/sh;
			shellScript = "diff \"${PODS_PODFILE_DIR_PATH}/Podfile.lock\" \"${PODS_ROOT}/Manifest.lock\" > /dev/null\nif [ $? != 0 ] ; then\n    # print error to STDERR\n    echo \"error: The sandbox is not in sync with the Podfile.lock. Run 'pod install' or update your CocoaPods installation.\" >&2\n    exit 1\nfi\n# This output is used by Xcode 'outputs' to avoid re-running this script phase.\necho \"SUCCESS\" > \"${SCRIPT_OUTPUT_FILE_0}\"\n";
			showEnvVarsInLog = 0;
		};
		84A03F4BB90D70AEA3BF20E5 /* [CP] Check Pods Manifest.lock */ = {
			isa = PBXShellScriptBuildPhase;
			buildActionMask = 2147483647;
			files = (
			);
			inputFileListPaths = (
			);
			inputPaths = (
				"${PODS_PODFILE_DIR_PATH}/Podfile.lock",
				"${PODS_ROOT}/Manifest.lock",
			);
			name = "[CP] Check Pods Manifest.lock";
			outputFileListPaths = (
			);
			outputPaths = (
				"$(DERIVED_FILE_DIR)/Pods-Flix-checkManifestLockResult.txt",
			);
			runOnlyForDeploymentPostprocessing = 0;
			shellPath = /bin/sh;
			shellScript = "diff \"${PODS_PODFILE_DIR_PATH}/Podfile.lock\" \"${PODS_ROOT}/Manifest.lock\" > /dev/null\nif [ $? != 0 ] ; then\n    # print error to STDERR\n    echo \"error: The sandbox is not in sync with the Podfile.lock. Run 'pod install' or update your CocoaPods installation.\" >&2\n    exit 1\nfi\n# This output is used by Xcode 'outputs' to avoid re-running this script phase.\necho \"SUCCESS\" > \"${SCRIPT_OUTPUT_FILE_0}\"\n";
			showEnvVarsInLog = 0;
		};
		9B69BAD35DFE569D3D9A73D4 /* [CP] Check Pods Manifest.lock */ = {
			isa = PBXShellScriptBuildPhase;
			buildActionMask = 2147483647;
			files = (
			);
			inputFileListPaths = (
			);
			inputPaths = (
				"${PODS_PODFILE_DIR_PATH}/Podfile.lock",
				"${PODS_ROOT}/Manifest.lock",
			);
			name = "[CP] Check Pods Manifest.lock";
			outputFileListPaths = (
			);
			outputPaths = (
				"$(DERIVED_FILE_DIR)/Pods-FlixTests-checkManifestLockResult.txt",
			);
			runOnlyForDeploymentPostprocessing = 0;
			shellPath = /bin/sh;
			shellScript = "diff \"${PODS_PODFILE_DIR_PATH}/Podfile.lock\" \"${PODS_ROOT}/Manifest.lock\" > /dev/null\nif [ $? != 0 ] ; then\n    # print error to STDERR\n    echo \"error: The sandbox is not in sync with the Podfile.lock. Run 'pod install' or update your CocoaPods installation.\" >&2\n    exit 1\nfi\n# This output is used by Xcode 'outputs' to avoid re-running this script phase.\necho \"SUCCESS\" > \"${SCRIPT_OUTPUT_FILE_0}\"\n";
			showEnvVarsInLog = 0;
		};
/* End PBXShellScriptBuildPhase section */

/* Begin PBXSourcesBuildPhase section */
		84E5E0B322003CD400759245 /* Sources */ = {
			isa = PBXSourcesBuildPhase;
			buildActionMask = 2147483647;
			files = (
				84E5E0BD22003CD400759245 /* ViewController.swift in Sources */,
				84E5E0BB22003CD400759245 /* AppDelegate.swift in Sources */,
				84E5E0EB2200446800759245 /* MovieCell.swift in Sources */,
				84E5E0E922003D9B00759245 /* MoviesViewController.swift in Sources */,
			);
			runOnlyForDeploymentPostprocessing = 0;
		};
		84E5E0C722003CD400759245 /* Sources */ = {
			isa = PBXSourcesBuildPhase;
			buildActionMask = 2147483647;
			files = (
				84E5E0D022003CD400759245 /* FlixTests.swift in Sources */,
			);
			runOnlyForDeploymentPostprocessing = 0;
		};
		84E5E0D222003CD400759245 /* Sources */ = {
			isa = PBXSourcesBuildPhase;
			buildActionMask = 2147483647;
			files = (
				84E5E0DB22003CD400759245 /* FlixUITests.swift in Sources */,
			);
			runOnlyForDeploymentPostprocessing = 0;
		};
/* End PBXSourcesBuildPhase section */

/* Begin PBXTargetDependency section */
		84E5E0CD22003CD400759245 /* PBXTargetDependency */ = {
			isa = PBXTargetDependency;
			target = 84E5E0B622003CD400759245 /* Flix */;
			targetProxy = 84E5E0CC22003CD400759245 /* PBXContainerItemProxy */;
		};
		84E5E0D822003CD400759245 /* PBXTargetDependency */ = {
			isa = PBXTargetDependency;
			target = 84E5E0B622003CD400759245 /* Flix */;
			targetProxy = 84E5E0D722003CD400759245 /* PBXContainerItemProxy */;
		};
/* End PBXTargetDependency section */

/* Begin PBXVariantGroup section */
		84E5E0BE22003CD400759245 /* Main.storyboard */ = {
			isa = PBXVariantGroup;
			children = (
				84E5E0BF22003CD400759245 /* Base */,
			);
			name = Main.storyboard;
			sourceTree = "<group>";
		};
		84E5E0C322003CD400759245 /* LaunchScreen.storyboard */ = {
			isa = PBXVariantGroup;
			children = (
				84E5E0C422003CD400759245 /* Base */,
			);
			name = LaunchScreen.storyboard;
			sourceTree = "<group>";
		};
/* End PBXVariantGroup section */

/* Begin XCBuildConfiguration section */
		84E5E0DD22003CD400759245 /* Debug */ = {
			isa = XCBuildConfiguration;
			buildSettings = {
				ALWAYS_SEARCH_USER_PATHS = NO;
				CLANG_ANALYZER_NONNULL = YES;
				CLANG_ANALYZER_NUMBER_OBJECT_CONVERSION = YES_AGGRESSIVE;
				CLANG_CXX_LANGUAGE_STANDARD = "gnu++14";
				CLANG_CXX_LIBRARY = "libc++";
				CLANG_ENABLE_MODULES = YES;
				CLANG_ENABLE_OBJC_ARC = YES;
				CLANG_ENABLE_OBJC_WEAK = YES;
				CLANG_WARN_BLOCK_CAPTURE_AUTORELEASING = YES;
				CLANG_WARN_BOOL_CONVERSION = YES;
				CLANG_WARN_COMMA = YES;
				CLANG_WARN_CONSTANT_CONVERSION = YES;
				CLANG_WARN_DEPRECATED_OBJC_IMPLEMENTATIONS = YES;
				CLANG_WARN_DIRECT_OBJC_ISA_USAGE = YES_ERROR;
				CLANG_WARN_DOCUMENTATION_COMMENTS = YES;
				CLANG_WARN_EMPTY_BODY = YES;
				CLANG_WARN_ENUM_CONVERSION = YES;
				CLANG_WARN_INFINITE_RECURSION = YES;
				CLANG_WARN_INT_CONVERSION = YES;
				CLANG_WARN_NON_LITERAL_NULL_CONVERSION = YES;
				CLANG_WARN_OBJC_IMPLICIT_RETAIN_SELF = YES;
				CLANG_WARN_OBJC_LITERAL_CONVERSION = YES;
				CLANG_WARN_OBJC_ROOT_CLASS = YES_ERROR;
				CLANG_WARN_RANGE_LOOP_ANALYSIS = YES;
				CLANG_WARN_STRICT_PROTOTYPES = YES;
				CLANG_WARN_SUSPICIOUS_MOVE = YES;
				CLANG_WARN_UNGUARDED_AVAILABILITY = YES_AGGRESSIVE;
				CLANG_WARN_UNREACHABLE_CODE = YES;
				CLANG_WARN__DUPLICATE_METHOD_MATCH = YES;
				CODE_SIGN_IDENTITY = "iPhone Developer";
				COPY_PHASE_STRIP = NO;
				DEBUG_INFORMATION_FORMAT = dwarf;
				ENABLE_STRICT_OBJC_MSGSEND = YES;
				ENABLE_TESTABILITY = YES;
				GCC_C_LANGUAGE_STANDARD = gnu11;
				GCC_DYNAMIC_NO_PIC = NO;
				GCC_NO_COMMON_BLOCKS = YES;
				GCC_OPTIMIZATION_LEVEL = 0;
				GCC_PREPROCESSOR_DEFINITIONS = (
					"DEBUG=1",
					"$(inherited)",
				);
				GCC_WARN_64_TO_32_BIT_CONVERSION = YES;
				GCC_WARN_ABOUT_RETURN_TYPE = YES_ERROR;
				GCC_WARN_UNDECLARED_SELECTOR = YES;
				GCC_WARN_UNINITIALIZED_AUTOS = YES_AGGRESSIVE;
				GCC_WARN_UNUSED_FUNCTION = YES;
				GCC_WARN_UNUSED_VARIABLE = YES;
				IPHONEOS_DEPLOYMENT_TARGET = 12.1;
				MTL_ENABLE_DEBUG_INFO = INCLUDE_SOURCE;
				MTL_FAST_MATH = YES;
				ONLY_ACTIVE_ARCH = YES;
				SDKROOT = iphoneos;
				SWIFT_ACTIVE_COMPILATION_CONDITIONS = DEBUG;
				SWIFT_OPTIMIZATION_LEVEL = "-Onone";
			};
			name = Debug;
		};
		84E5E0DE22003CD400759245 /* Release */ = {
			isa = XCBuildConfiguration;
			buildSettings = {
				ALWAYS_SEARCH_USER_PATHS = NO;
				CLANG_ANALYZER_NONNULL = YES;
				CLANG_ANALYZER_NUMBER_OBJECT_CONVERSION = YES_AGGRESSIVE;
				CLANG_CXX_LANGUAGE_STANDARD = "gnu++14";
				CLANG_CXX_LIBRARY = "libc++";
				CLANG_ENABLE_MODULES = YES;
				CLANG_ENABLE_OBJC_ARC = YES;
				CLANG_ENABLE_OBJC_WEAK = YES;
				CLANG_WARN_BLOCK_CAPTURE_AUTORELEASING = YES;
				CLANG_WARN_BOOL_CONVERSION = YES;
				CLANG_WARN_COMMA = YES;
				CLANG_WARN_CONSTANT_CONVERSION = YES;
				CLANG_WARN_DEPRECATED_OBJC_IMPLEMENTATIONS = YES;
				CLANG_WARN_DIRECT_OBJC_ISA_USAGE = YES_ERROR;
				CLANG_WARN_DOCUMENTATION_COMMENTS = YES;
				CLANG_WARN_EMPTY_BODY = YES;
				CLANG_WARN_ENUM_CONVERSION = YES;
				CLANG_WARN_INFINITE_RECURSION = YES;
				CLANG_WARN_INT_CONVERSION = YES;
				CLANG_WARN_NON_LITERAL_NULL_CONVERSION = YES;
				CLANG_WARN_OBJC_IMPLICIT_RETAIN_SELF = YES;
				CLANG_WARN_OBJC_LITERAL_CONVERSION = YES;
				CLANG_WARN_OBJC_ROOT_CLASS = YES_ERROR;
				CLANG_WARN_RANGE_LOOP_ANALYSIS = YES;
				CLANG_WARN_STRICT_PROTOTYPES = YES;
				CLANG_WARN_SUSPICIOUS_MOVE = YES;
				CLANG_WARN_UNGUARDED_AVAILABILITY = YES_AGGRESSIVE;
				CLANG_WARN_UNREACHABLE_CODE = YES;
				CLANG_WARN__DUPLICATE_METHOD_MATCH = YES;
				CODE_SIGN_IDENTITY = "iPhone Developer";
				COPY_PHASE_STRIP = NO;
				DEBUG_INFORMATION_FORMAT = "dwarf-with-dsym";
				ENABLE_NS_ASSERTIONS = NO;
				ENABLE_STRICT_OBJC_MSGSEND = YES;
				GCC_C_LANGUAGE_STANDARD = gnu11;
				GCC_NO_COMMON_BLOCKS = YES;
				GCC_WARN_64_TO_32_BIT_CONVERSION = YES;
				GCC_WARN_ABOUT_RETURN_TYPE = YES_ERROR;
				GCC_WARN_UNDECLARED_SELECTOR = YES;
				GCC_WARN_UNINITIALIZED_AUTOS = YES_AGGRESSIVE;
				GCC_WARN_UNUSED_FUNCTION = YES;
				GCC_WARN_UNUSED_VARIABLE = YES;
				IPHONEOS_DEPLOYMENT_TARGET = 12.1;
				MTL_ENABLE_DEBUG_INFO = NO;
				MTL_FAST_MATH = YES;
				SDKROOT = iphoneos;
				SWIFT_COMPILATION_MODE = wholemodule;
				SWIFT_OPTIMIZATION_LEVEL = "-O";
				VALIDATE_PRODUCT = YES;
			};
			name = Release;
		};
		84E5E0E022003CD400759245 /* Debug */ = {
			isa = XCBuildConfiguration;
			baseConfigurationReference = 8B0EE5B3D2DFFD49F3292E7B /* Pods-Flix.debug.xcconfig */;
			buildSettings = {
				ASSETCATALOG_COMPILER_APPICON_NAME = AppIcon;
				CODE_SIGN_STYLE = Automatic;
				INFOPLIST_FILE = Flix/Info.plist;
				LD_RUNPATH_SEARCH_PATHS = (
					"$(inherited)",
					"@executable_path/Frameworks",
				);
				PRODUCT_BUNDLE_IDENTIFIER = Kiki.Flix;
				PRODUCT_NAME = "$(TARGET_NAME)";
				SWIFT_VERSION = 4.2;
				TARGETED_DEVICE_FAMILY = "1,2";
			};
			name = Debug;
		};
		84E5E0E122003CD400759245 /* Release */ = {
			isa = XCBuildConfiguration;
			baseConfigurationReference = BDDD9D305BED204B063EB4F1 /* Pods-Flix.release.xcconfig */;
			buildSettings = {
				ASSETCATALOG_COMPILER_APPICON_NAME = AppIcon;
				CODE_SIGN_STYLE = Automatic;
				INFOPLIST_FILE = Flix/Info.plist;
				LD_RUNPATH_SEARCH_PATHS = (
					"$(inherited)",
					"@executable_path/Frameworks",
				);
				PRODUCT_BUNDLE_IDENTIFIER = Kiki.Flix;
				PRODUCT_NAME = "$(TARGET_NAME)";
				SWIFT_VERSION = 4.2;
				TARGETED_DEVICE_FAMILY = "1,2";
			};
			name = Release;
		};
		84E5E0E322003CD400759245 /* Debug */ = {
			isa = XCBuildConfiguration;
			baseConfigurationReference = F423AF8B58B8C3816CE39201 /* Pods-FlixTests.debug.xcconfig */;
			buildSettings = {
				ALWAYS_EMBED_SWIFT_STANDARD_LIBRARIES = YES;
				BUNDLE_LOADER = "$(TEST_HOST)";
				CODE_SIGN_STYLE = Automatic;
				INFOPLIST_FILE = FlixTests/Info.plist;
				LD_RUNPATH_SEARCH_PATHS = (
					"$(inherited)",
					"@executable_path/Frameworks",
					"@loader_path/Frameworks",
				);
				PRODUCT_BUNDLE_IDENTIFIER = Kiki.FlixTests;
				PRODUCT_NAME = "$(TARGET_NAME)";
				SWIFT_VERSION = 4.2;
				TARGETED_DEVICE_FAMILY = "1,2";
				TEST_HOST = "$(BUILT_PRODUCTS_DIR)/Flix.app/Flix";
			};
			name = Debug;
		};
		84E5E0E422003CD400759245 /* Release */ = {
			isa = XCBuildConfiguration;
			baseConfigurationReference = 69D893EDEADA37F89E817B7D /* Pods-FlixTests.release.xcconfig */;
			buildSettings = {
				ALWAYS_EMBED_SWIFT_STANDARD_LIBRARIES = YES;
				BUNDLE_LOADER = "$(TEST_HOST)";
				CODE_SIGN_STYLE = Automatic;
				INFOPLIST_FILE = FlixTests/Info.plist;
				LD_RUNPATH_SEARCH_PATHS = (
					"$(inherited)",
					"@executable_path/Frameworks",
					"@loader_path/Frameworks",
				);
				PRODUCT_BUNDLE_IDENTIFIER = Kiki.FlixTests;
				PRODUCT_NAME = "$(TARGET_NAME)";
				SWIFT_VERSION = 4.2;
				TARGETED_DEVICE_FAMILY = "1,2";
				TEST_HOST = "$(BUILT_PRODUCTS_DIR)/Flix.app/Flix";
			};
			name = Release;
		};
		84E5E0E622003CD400759245 /* Debug */ = {
			isa = XCBuildConfiguration;
			baseConfigurationReference = FF6D6D0E188A4BC7EA539633 /* Pods-FlixUITests.debug.xcconfig */;
			buildSettings = {
				ALWAYS_EMBED_SWIFT_STANDARD_LIBRARIES = YES;
				CODE_SIGN_STYLE = Automatic;
				INFOPLIST_FILE = FlixUITests/Info.plist;
				LD_RUNPATH_SEARCH_PATHS = (
					"$(inherited)",
					"@executable_path/Frameworks",
					"@loader_path/Frameworks",
				);
				PRODUCT_BUNDLE_IDENTIFIER = Kiki.FlixUITests;
				PRODUCT_NAME = "$(TARGET_NAME)";
				SWIFT_VERSION = 4.2;
				TARGETED_DEVICE_FAMILY = "1,2";
				TEST_TARGET_NAME = Flix;
			};
			name = Debug;
		};
		84E5E0E722003CD400759245 /* Release */ = {
			isa = XCBuildConfiguration;
			baseConfigurationReference = 0F214D5D8E5DBBDACD5E6EDC /* Pods-FlixUITests.release.xcconfig */;
			buildSettings = {
				ALWAYS_EMBED_SWIFT_STANDARD_LIBRARIES = YES;
				CODE_SIGN_STYLE = Automatic;
				INFOPLIST_FILE = FlixUITests/Info.plist;
				LD_RUNPATH_SEARCH_PATHS = (
					"$(inherited)",
					"@executable_path/Frameworks",
					"@loader_path/Frameworks",
				);
				PRODUCT_BUNDLE_IDENTIFIER = Kiki.FlixUITests;
				PRODUCT_NAME = "$(TARGET_NAME)";
				SWIFT_VERSION = 4.2;
				TARGETED_DEVICE_FAMILY = "1,2";
				TEST_TARGET_NAME = Flix;
			};
			name = Release;
		};
/* End XCBuildConfiguration section */

/* Begin XCConfigurationList section */
		84E5E0B222003CD400759245 /* Build configuration list for PBXProject "Flix" */ = {
			isa = XCConfigurationList;
			buildConfigurations = (
				84E5E0DD22003CD400759245 /* Debug */,
				84E5E0DE22003CD400759245 /* Release */,
			);
			defaultConfigurationIsVisible = 0;
			defaultConfigurationName = Release;
		};
		84E5E0DF22003CD400759245 /* Build configuration list for PBXNativeTarget "Flix" */ = {
			isa = XCConfigurationList;
			buildConfigurations = (
				84E5E0E022003CD400759245 /* Debug */,
				84E5E0E122003CD400759245 /* Release */,
			);
			defaultConfigurationIsVisible = 0;
			defaultConfigurationName = Release;
		};
		84E5E0E222003CD400759245 /* Build configuration list for PBXNativeTarget "FlixTests" */ = {
			isa = XCConfigurationList;
			buildConfigurations = (
				84E5E0E322003CD400759245 /* Debug */,
				84E5E0E422003CD400759245 /* Release */,
			);
			defaultConfigurationIsVisible = 0;
			defaultConfigurationName = Release;
		};
		84E5E0E522003CD400759245 /* Build configuration list for PBXNativeTarget "FlixUITests" */ = {
			isa = XCConfigurationList;
			buildConfigurations = (
				84E5E0E622003CD400759245 /* Debug */,
				84E5E0E722003CD400759245 /* Release */,
			);
			defaultConfigurationIsVisible = 0;
			defaultConfigurationName = Release;
		};
/* End XCConfigurationList section */
	};
	rootObject = 84E5E0AF22003CD400759245 /* Project object */;
}
